
Microsoft Visual Studio Solution File, Format Version 12.00
# Visual Studio Version 16
VisualStudioVersion = 16.0.31729.503
MinimumVisualStudioVersion = 10.0.40219.1
Project("{FAE04EC0-301F-11D3-BF4B-00C04F79EFBC}") = "PA1", "PA1\PA1.csproj", "{1CFF2A7D-8841-4661-B18E-EF5CE40C9383}"
EndProject
Global
	GlobalSection(SolutionConfigurationPlatforms) = preSolution
		Debug|Any CPU = Debug|Any CPU
		Release|Any CPU = Release|Any CPU
	EndGlobalSection
	GlobalSection(ProjectConfigurationPlatforms) = postSolution
		{1CFF2A7D-8841-4661-B18E-EF5CE40C9383}.Debug|Any CPU.ActiveCfg = Debug|Any CPU
		{1CFF2A7D-8841-4661-B18E-EF5CE40C9383}.Debug|Any CPU.Build.0 = Debug|Any CPU
		{1CFF2A7D-8841-4661-B18E-EF5CE40C9383}.Release|Any CPU.ActiveCfg = Release|Any CPU
		{1CFF2A7D-8841-4661-B18E-EF5CE40C9383}.Release|Any CPU.Build.0 = Release|Any CPU
	EndGlobalSection
	GlobalSection(SolutionProperties) = preSolution
		HideSolutionNode = FALSE
	EndGlobalSection
	GlobalSection(ExtensibilityGlobals) = postSolution
		SolutionGuid = {F52A626A-19E2-4920-B996-35CFE52D6A0F}
	EndGlobalSection
EndGlobal
