
Microsoft Visual Studio Solution File, Format Version 12.00
# Visual Studio Version 16
VisualStudioVersion = 16.0.31729.503
MinimumVisualStudioVersion = 10.0.40219.1
Project("{FAE04EC0-301F-11D3-BF4B-00C04F79EFBC}") = "HoaYeuThuong", "HoaYeuThuong\HoaYeuThuong.csproj", "{D1C830EA-E0EF-42CA-8428-3DC9F280DE8F}"
EndProject
Global
	GlobalSection(SolutionConfigurationPlatforms) = preSolution
		Debug|Any CPU = Debug|Any CPU
		Release|Any CPU = Release|Any CPU
	EndGlobalSection
	GlobalSection(ProjectConfigurationPlatforms) = postSolution
		{D1C830EA-E0EF-42CA-8428-3DC9F280DE8F}.Debug|Any CPU.ActiveCfg = Debug|Any CPU
		{D1C830EA-E0EF-42CA-8428-3DC9F280DE8F}.Debug|Any CPU.Build.0 = Debug|Any CPU
		{D1C830EA-E0EF-42CA-8428-3DC9F280DE8F}.Release|Any CPU.ActiveCfg = Release|Any CPU
		{D1C830EA-E0EF-42CA-8428-3DC9F280DE8F}.Release|Any CPU.Build.0 = Release|Any CPU
	EndGlobalSection
	GlobalSection(SolutionProperties) = preSolution
		HideSolutionNode = FALSE
	EndGlobalSection
	GlobalSection(ExtensibilityGlobals) = postSolution
		SolutionGuid = {47E28425-DE0B-4206-953D-6281001CA0B3}
	EndGlobalSection
EndGlobal
